
Microsoft Visual Studio Solution File, Format Version 12.00
# Visual Studio Version 17
VisualStudioVersion = 17.11.35303.130
MinimumVisualStudioVersion = 10.0.40219.1
Project("{FAE04EC0-301F-11D3-BF4B-00C04F79EFBC}") = "Loop 5", "Loop 5\Loop 5.csproj", "{E6744E06-4189-4EB5-9692-8D93092AC9A8}"
EndProject
Global
	GlobalSection(SolutionConfigurationPlatforms) = preSolution
		Debug|Any CPU = Debug|Any CPU
		Release|Any CPU = Release|Any CPU
	EndGlobalSection
	GlobalSection(ProjectConfigurationPlatforms) = postSolution
		{E6744E06-4189-4EB5-9692-8D93092AC9A8}.Debug|Any CPU.ActiveCfg = Debug|Any CPU
		{E6744E06-4189-4EB5-9692-8D93092AC9A8}.Debug|Any CPU.Build.0 = Debug|Any CPU
		{E6744E06-4189-4EB5-9692-8D93092AC9A8}.Release|Any CPU.ActiveCfg = Release|Any CPU
		{E6744E06-4189-4EB5-9692-8D93092AC9A8}.Release|Any CPU.Build.0 = Release|Any CPU
	EndGlobalSection
	GlobalSection(SolutionProperties) = preSolution
		HideSolutionNode = FALSE
	EndGlobalSection
	GlobalSection(ExtensibilityGlobals) = postSolution
		SolutionGuid = {4FCE2DA0-7D97-47C9-B2AB-2A3F7BD91182}
	EndGlobalSection
EndGlobal
